
Microsoft Visual Studio Solution File, Format Version 12.00
# Visual Studio 15
VisualStudioVersion = 15.0.28307.960
MinimumVisualStudioVersion = 10.0.40219.1
Project("{FAE04EC0-301F-11D3-BF4B-00C04F79EFBC}") = "MBA_Rep", "MBA_Rep.csproj", "{792A2060-EF32-41A1-8BA9-C7E8B50C0603}"
EndProject
Global
	GlobalSection(SolutionConfigurationPlatforms) = preSolution
		Debug|Any CPU = Debug|Any CPU
		Release|Any CPU = Release|Any CPU
	EndGlobalSection
	GlobalSection(ProjectConfigurationPlatforms) = postSolution
		{792A2060-EF32-41A1-8BA9-C7E8B50C0603}.Debug|Any CPU.ActiveCfg = Debug|Any CPU
		{792A2060-EF32-41A1-8BA9-C7E8B50C0603}.Debug|Any CPU.Build.0 = Debug|Any CPU
		{792A2060-EF32-41A1-8BA9-C7E8B50C0603}.Release|Any CPU.ActiveCfg = Release|Any CPU
		{792A2060-EF32-41A1-8BA9-C7E8B50C0603}.Release|Any CPU.Build.0 = Release|Any CPU
	EndGlobalSection
	GlobalSection(SolutionProperties) = preSolution
		HideSolutionNode = FALSE
	EndGlobalSection
	GlobalSection(ExtensibilityGlobals) = postSolution
		SolutionGuid = {6CB1CB80-3623-4E17-9D92-82871E9D34A9}
	EndGlobalSection
EndGlobal
